
Microsoft Visual Studio Solution File, Format Version 12.00
# Visual Studio Express 2012 for Windows Desktop
Project("{FAE04EC0-301F-11D3-BF4B-00C04F79EFBC}") = "RunAround", "RunAround\RunAround.csproj", "{FE677F51-7060-43C0-BE24-3CBBD38B0338}"
EndProject
Project("{FAE04EC0-301F-11D3-BF4B-00C04F79EFBC}") = "Run Around Server", "Run Around Server\Run Around Server.csproj", "{D6B01074-96C4-4BB6-857F-9C95B9AB4388}"
EndProject
Global
	GlobalSection(SolutionConfigurationPlatforms) = preSolution
		Debug|Any CPU = Debug|Any CPU
		Release|Any CPU = Release|Any CPU
	EndGlobalSection
	GlobalSection(ProjectConfigurationPlatforms) = postSolution
		{FE677F51-7060-43C0-BE24-3CBBD38B0338}.Debug|Any CPU.ActiveCfg = Debug|Any CPU
		{FE677F51-7060-43C0-BE24-3CBBD38B0338}.Debug|Any CPU.Build.0 = Debug|Any CPU
		{FE677F51-7060-43C0-BE24-3CBBD38B0338}.Release|Any CPU.ActiveCfg = Release|Any CPU
		{FE677F51-7060-43C0-BE24-3CBBD38B0338}.Release|Any CPU.Build.0 = Release|Any CPU
		{D6B01074-96C4-4BB6-857F-9C95B9AB4388}.Debug|Any CPU.ActiveCfg = Debug|Any CPU
		{D6B01074-96C4-4BB6-857F-9C95B9AB4388}.Debug|Any CPU.Build.0 = Debug|Any CPU
		{D6B01074-96C4-4BB6-857F-9C95B9AB4388}.Release|Any CPU.ActiveCfg = Release|Any CPU
		{D6B01074-96C4-4BB6-857F-9C95B9AB4388}.Release|Any CPU.Build.0 = Release|Any CPU
	EndGlobalSection
	GlobalSection(SolutionProperties) = preSolution
		HideSolutionNode = FALSE
	EndGlobalSection
EndGlobal
